
Microsoft Visual Studio Solution File, Format Version 12.00
# Visual Studio Version 16
VisualStudioVersion = 16.0.31321.278
MinimumVisualStudioVersion = 10.0.40219.1
Project("{FAE04EC0-301F-11D3-BF4B-00C04F79EFBC}") = "prova1a", "prova1a.csproj", "{B84696F8-A656-4452-90B2-3A7BDF485F21}"
EndProject
Global
	GlobalSection(SolutionConfigurationPlatforms) = preSolution
		Debug|Any CPU = Debug|Any CPU
		Release|Any CPU = Release|Any CPU
	EndGlobalSection
	GlobalSection(ProjectConfigurationPlatforms) = postSolution
		{B84696F8-A656-4452-90B2-3A7BDF485F21}.Debug|Any CPU.ActiveCfg = Debug|Any CPU
		{B84696F8-A656-4452-90B2-3A7BDF485F21}.Debug|Any CPU.Build.0 = Debug|Any CPU
		{B84696F8-A656-4452-90B2-3A7BDF485F21}.Release|Any CPU.ActiveCfg = Release|Any CPU
		{B84696F8-A656-4452-90B2-3A7BDF485F21}.Release|Any CPU.Build.0 = Release|Any CPU
	EndGlobalSection
	GlobalSection(SolutionProperties) = preSolution
		HideSolutionNode = FALSE
	EndGlobalSection
	GlobalSection(ExtensibilityGlobals) = postSolution
		SolutionGuid = {C2E8DD6B-B3B5-43C5-BE74-5A31EB68EDF7}
	EndGlobalSection
EndGlobal
