
Microsoft Visual Studio Solution File, Format Version 12.00
# Visual Studio Version 16
VisualStudioVersion = 16.0.31321.278
MinimumVisualStudioVersion = 10.0.40219.1
Project("{FAE04EC0-301F-11D3-BF4B-00C04F79EFBC}") = "calcuradora", "calcuradora.csproj", "{3CA525B6-467C-481A-823D-EC66C46A19AA}"
EndProject
Global
	GlobalSection(SolutionConfigurationPlatforms) = preSolution
		Debug|Any CPU = Debug|Any CPU
		Release|Any CPU = Release|Any CPU
	EndGlobalSection
	GlobalSection(ProjectConfigurationPlatforms) = postSolution
		{3CA525B6-467C-481A-823D-EC66C46A19AA}.Debug|Any CPU.ActiveCfg = Debug|Any CPU
		{3CA525B6-467C-481A-823D-EC66C46A19AA}.Debug|Any CPU.Build.0 = Debug|Any CPU
		{3CA525B6-467C-481A-823D-EC66C46A19AA}.Release|Any CPU.ActiveCfg = Release|Any CPU
		{3CA525B6-467C-481A-823D-EC66C46A19AA}.Release|Any CPU.Build.0 = Release|Any CPU
	EndGlobalSection
	GlobalSection(SolutionProperties) = preSolution
		HideSolutionNode = FALSE
	EndGlobalSection
	GlobalSection(ExtensibilityGlobals) = postSolution
		SolutionGuid = {0EE419D4-DA3C-458C-B721-8A66A6C2FAD7}
	EndGlobalSection
EndGlobal
