
Microsoft Visual Studio Solution File, Format Version 12.00
# Visual Studio Version 16
VisualStudioVersion = 16.0.31321.278
MinimumVisualStudioVersion = 10.0.40219.1
Project("{FAE04EC0-301F-11D3-BF4B-00C04F79EFBC}") = "exe2.1", "exe2.1.csproj", "{F460F82C-6983-4DEA-89EA-2E8B486F49F9}"
EndProject
Global
	GlobalSection(SolutionConfigurationPlatforms) = preSolution
		Debug|Any CPU = Debug|Any CPU
		Release|Any CPU = Release|Any CPU
	EndGlobalSection
	GlobalSection(ProjectConfigurationPlatforms) = postSolution
		{F460F82C-6983-4DEA-89EA-2E8B486F49F9}.Debug|Any CPU.ActiveCfg = Debug|Any CPU
		{F460F82C-6983-4DEA-89EA-2E8B486F49F9}.Debug|Any CPU.Build.0 = Debug|Any CPU
		{F460F82C-6983-4DEA-89EA-2E8B486F49F9}.Release|Any CPU.ActiveCfg = Release|Any CPU
		{F460F82C-6983-4DEA-89EA-2E8B486F49F9}.Release|Any CPU.Build.0 = Release|Any CPU
	EndGlobalSection
	GlobalSection(SolutionProperties) = preSolution
		HideSolutionNode = FALSE
	EndGlobalSection
	GlobalSection(ExtensibilityGlobals) = postSolution
		SolutionGuid = {6AF27109-A28E-4B83-B107-E79194719139}
	EndGlobalSection
EndGlobal
