
Microsoft Visual Studio Solution File, Format Version 12.00
# Visual Studio Version 16
VisualStudioVersion = 16.0.31321.278
MinimumVisualStudioVersion = 10.0.40219.1
Project("{FAE04EC0-301F-11D3-BF4B-00C04F79EFBC}") = "exe1", "exe1.csproj", "{552410EB-2301-4B53-B253-B43919F803E7}"
EndProject
Global
	GlobalSection(SolutionConfigurationPlatforms) = preSolution
		Debug|Any CPU = Debug|Any CPU
		Release|Any CPU = Release|Any CPU
	EndGlobalSection
	GlobalSection(ProjectConfigurationPlatforms) = postSolution
		{552410EB-2301-4B53-B253-B43919F803E7}.Debug|Any CPU.ActiveCfg = Debug|Any CPU
		{552410EB-2301-4B53-B253-B43919F803E7}.Debug|Any CPU.Build.0 = Debug|Any CPU
		{552410EB-2301-4B53-B253-B43919F803E7}.Release|Any CPU.ActiveCfg = Release|Any CPU
		{552410EB-2301-4B53-B253-B43919F803E7}.Release|Any CPU.Build.0 = Release|Any CPU
	EndGlobalSection
	GlobalSection(SolutionProperties) = preSolution
		HideSolutionNode = FALSE
	EndGlobalSection
	GlobalSection(ExtensibilityGlobals) = postSolution
		SolutionGuid = {BB85A4AF-2CB2-4E8E-A56C-48676431038A}
	EndGlobalSection
EndGlobal
